# THIS IS AN AUTOGENERATED FILE. DO NOT EDIT THIS FILE DIRECTLY.
# yarn lockfile v1


dom7@^3.0.0-alpha.7:
  version "3.0.0-alpha.7"
  resolved "https://registry.npm.taobao.org/dom7/download/dom7-3.0.0-alpha.7.tgz?cache=0&sync_timestamp=1594742120915&other_urls=https%3A%2F%2Fregistry.npm.taobao.org%2Fdom7%2Fdownload%2Fdom7-3.0.0-alpha.7.tgz#3b4ba156a83fa37fb3fa34b8ab40a1a41a56feb1"
  integrity sha1-O0uhVqg/o3+z+jS4q0ChpBpW/rE=
  dependencies:
    ssr-window "^3.0.0-alpha.1"

ssr-window@^3.0.0-alpha.1, ssr-window@^3.0.0-alpha.4:
  version "3.0.0-alpha.4"
  resolved "https://registry.npm.taobao.org/ssr-window/download/ssr-window-3.0.0-alpha.4.tgz#0c69a18c4305ecccdd8e11596155ca07b635f345"
  integrity sha1-DGmhjEMF7MzdjhFZYVXKB7Y180U=

swiper@^6.0.4:
  version "6.0.4"
  resolved "https://registry.npm.taobao.org/swiper/download/swiper-6.0.4.tgz?cache=0&sync_timestamp=1594816699403&other_urls=https%3A%2F%2Fregistry.npm.taobao.org%2Fswiper%2Fdownload%2Fswiper-6.0.4.tgz#d3889383369e780e8d905e6aaf78a43dc3690176"
  integrity sha1-04iTgzaeeA6NkF5qr3ikPcNpAXY=
  dependencies:
    dom7 "^3.0.0-alpha.7"
    ssr-window "^3.0.0-alpha.4"
